<?xml version="1.0" encoding="utf-8"?>
<Project ToolsVersion="4.0" xmlns="http://schemas.microsoft.com/developer/msbuild/2003">
  <ItemGroup>
    <Filter Include="Source Files">
      <UniqueIdentifier>{4FC737F1-C7A5-4376-A066-2A32D752A2FF}</UniqueIdentifier>
      <Extensions>cpp;c;cc;cxx;def;odl;idl;hpj;bat;asm;asmx</Extensions>
    </Filter>
    <Filter Include="Header Files">
      <UniqueIdentifier>{93995380-89BD-4b04-88EB-625FBE52EBFB}</UniqueIdentifier>
      <Extensions>h;hh;hpp;hxx;hm;inl;inc;xsd</Extensions>
    </Filter>
    <Filter Include="Resource Files">
      <UniqueIdentifier>{67DA6AB6-F800-4c08-8B7A-83BB121AAD01}</UniqueIdentifier>
      <Extensions>rc;ico;cur;bmp;dlg;rc2;rct;bin;rgs;gif;jpg;jpeg;jpe;resx;tiff;tif;png;wav;mfcribbon-ms</Extensions>
    </Filter>
    <Filter Include="Source Files\Input Files">
      <UniqueIdentifier>{6895a337-d89d-4582-b5f7-3302d879dc7b}</UniqueIdentifier>
    </Filter>
  </ItemGroup>
  <ItemGroup>
    <ClInclude Include="Node.h">
      <Filter>Source Files</Filter>
    </ClInclude>
    <ClInclude Include="InputOutput.h">
      <Filter>Source Files</Filter>
    </ClInclude>
    <ClInclude Include="SuffixTree.h">
      <Filter>Source Files</Filter>
    </ClInclude>
    <ClInclude Include="Memory.h">
      <Filter>Source Files</Filter>
    </ClInclude>
  </ItemGroup>
  <ItemGroup>
    <ClCompile Include="InputOutput.cpp">
      <Filter>Source Files</Filter>
    </ClCompile>
    <ClCompile Include="DFS.cpp">
      <Filter>Source Files</Filter>
    </ClCompile>
    <ClCompile Include="SuffixTree.cpp">
      <Filter>Source Files</Filter>
    </ClCompile>
    <ClCompile Include="Memory.cpp">
      <Filter>Source Files</Filter>
    </ClCompile>
    <ClCompile Include="test.cpp">
      <Filter>Source Files</Filter>
    </ClCompile>
  </ItemGroup>
  <ItemGroup>
    <None Include="demo.fasta">
      <Filter>Source Files\Input Files</Filter>
    </None>
    <None Include="Human-BRCA2-gene.fasta">
      <Filter>Source Files\Input Files</Filter>
    </None>
    <None Include="s1.fasta">
      <Filter>Source Files\Input Files</Filter>
    </None>
    <None Include="s2.fasta">
      <Filter>Source Files\Input Files</Filter>
    </None>
    <None Include="tomato-chloroplast-genome.fasta">
      <Filter>Source Files\Input Files</Filter>
    </None>
    <None Include="yeast-chromosome-12.fasta">
      <Filter>Source Files\Input Files</Filter>
    </None>
  </ItemGroup>
  <ItemGroup>
    <Text Include="alphabetA-Z.txt">
      <Filter>Source Files\Input Files</Filter>
    </Text>
    <Text Include="alphabetDNA.txt">
      <Filter>Source Files\Input Files</Filter>
    </Text>
  </ItemGroup>
</Project>